
Microsoft Visual Studio Solution File, Format Version 12.00
# Visual Studio Version 16
VisualStudioVersion = 16.0.28621.142
MinimumVisualStudioVersion = 10.0.40219.1
Project("{9A19103F-16F7-4668-BE54-9A1E7A4F7556}") = "WC_WebApp", "WC_WebApp\WC_WebApp.csproj", "{9D7D2463-0F0C-44D0-A6F0-02282C6D4CAE}"
EndProject
Global
	GlobalSection(SolutionConfigurationPlatforms) = preSolution
		Debug|Any CPU = Debug|Any CPU
		Debug|x86 = Debug|x86
		Release|Any CPU = Release|Any CPU
		Release|x86 = Release|x86
	EndGlobalSection
	GlobalSection(ProjectConfigurationPlatforms) = postSolution
		{9D7D2463-0F0C-44D0-A6F0-02282C6D4CAE}.Debug|Any CPU.ActiveCfg = Debug|Any CPU
		{9D7D2463-0F0C-44D0-A6F0-02282C6D4CAE}.Debug|Any CPU.Build.0 = Debug|Any CPU
		{9D7D2463-0F0C-44D0-A6F0-02282C6D4CAE}.Debug|x86.ActiveCfg = Debug|Any CPU
		{9D7D2463-0F0C-44D0-A6F0-02282C6D4CAE}.Debug|x86.Build.0 = Debug|Any CPU
		{9D7D2463-0F0C-44D0-A6F0-02282C6D4CAE}.Release|Any CPU.ActiveCfg = Release|Any CPU
		{9D7D2463-0F0C-44D0-A6F0-02282C6D4CAE}.Release|Any CPU.Build.0 = Release|Any CPU
		{9D7D2463-0F0C-44D0-A6F0-02282C6D4CAE}.Release|x86.ActiveCfg = Release|Any CPU
		{9D7D2463-0F0C-44D0-A6F0-02282C6D4CAE}.Release|x86.Build.0 = Release|Any CPU
	EndGlobalSection
	GlobalSection(SolutionProperties) = preSolution
		HideSolutionNode = FALSE
	EndGlobalSection
	GlobalSection(ExtensibilityGlobals) = postSolution
		SolutionGuid = {04678D9C-76D0-40E4-9299-E4A654BECE54}
	EndGlobalSection
EndGlobal
